
Microsoft Visual Studio Solution File, Format Version 12.00
# Visual Studio Version 17
VisualStudioVersion = 17.0.32014.148
MinimumVisualStudioVersion = 10.0.40219.1
Project("{9A19103F-16F7-4668-BE54-9A1E7A4F7556}") = "ConsoleApp.KontaktHome", "ConsoleApp.KontaktHome\ConsoleApp.KontaktHome.csproj", "{364E4868-8CA5-4929-82BD-D9CA21DDFCEB}"
EndProject
Project("{9A19103F-16F7-4668-BE54-9A1E7A4F7556}") = "ClassLibrary.Assistansts", "ClassLibrary.Assistansts\ClassLibrary.Assistansts.csproj", "{FED31882-7F73-42A6-BE82-3E88BB4F6BBB}"
EndProject
Global
	GlobalSection(SolutionConfigurationPlatforms) = preSolution
		Debug|Any CPU = Debug|Any CPU
		Release|Any CPU = Release|Any CPU
	EndGlobalSection
	GlobalSection(ProjectConfigurationPlatforms) = postSolution
		{364E4868-8CA5-4929-82BD-D9CA21DDFCEB}.Debug|Any CPU.ActiveCfg = Debug|Any CPU
		{364E4868-8CA5-4929-82BD-D9CA21DDFCEB}.Debug|Any CPU.Build.0 = Debug|Any CPU
		{364E4868-8CA5-4929-82BD-D9CA21DDFCEB}.Release|Any CPU.ActiveCfg = Release|Any CPU
		{364E4868-8CA5-4929-82BD-D9CA21DDFCEB}.Release|Any CPU.Build.0 = Release|Any CPU
		{FED31882-7F73-42A6-BE82-3E88BB4F6BBB}.Debug|Any CPU.ActiveCfg = Debug|Any CPU
		{FED31882-7F73-42A6-BE82-3E88BB4F6BBB}.Debug|Any CPU.Build.0 = Debug|Any CPU
		{FED31882-7F73-42A6-BE82-3E88BB4F6BBB}.Release|Any CPU.ActiveCfg = Release|Any CPU
		{FED31882-7F73-42A6-BE82-3E88BB4F6BBB}.Release|Any CPU.Build.0 = Release|Any CPU
	EndGlobalSection
	GlobalSection(SolutionProperties) = preSolution
		HideSolutionNode = FALSE
	EndGlobalSection
	GlobalSection(ExtensibilityGlobals) = postSolution
		SolutionGuid = {DF2B5029-EFA9-4E57-8DED-EEC18309BB02}
	EndGlobalSection
EndGlobal
